// !$*UTF8*$!
{
	archiveVersion = 1;
	classes = {
	};
	objectVersion = 46;
	objects = {

/* Begin PBXBuildFile section */
		2954C5001CD2EB08009E89D9 /* SlideCollectionViewController.swift in Sources */ = {isa = PBXBuildFile; fileRef = 2954C4FF1CD2EB08009E89D9 /* SlideCollectionViewController.swift */; };
		2954C5021CD53FC3009E89D9 /* SlideCollectionViewCell.swift in Sources */ = {isa = PBXBuildFile; fileRef = 2954C5011CD53FC3009E89D9 /* SlideCollectionViewCell.swift */; };
		2954C5041CD54158009E89D9 /* Slide.swift in Sources */ = {isa = PBXBuildFile; fileRef = 2954C5031CD54158009E89D9 /* Slide.swift */; };
		2954C5061CD56D1C009E89D9 /* SlideCollectionViewFlowLayout.swift in Sources */ = {isa = PBXBuildFile; fileRef = 2954C5051CD56D1B009E89D9 /* SlideCollectionViewFlowLayout.swift */; };
		2956D37D1CCB309F00359377 /* AppDelegate.swift in Sources */ = {isa = PBXBuildFile; fileRef = 2956D37C1CCB309F00359377 /* AppDelegate.swift */; };
		2956D37F1CCB309F00359377 /* ScrollViewController.swift in Sources */ = {isa = PBXBuildFile; fileRef = 2956D37E1CCB309F00359377 /* ScrollViewController.swift */; };
		2956D3821CCB309F00359377 /* ScrollView.storyboard in Resources */ = {isa = PBXBuildFile; fileRef = 2956D3801CCB309F00359377 /* ScrollView.storyboard */; };
		2956D3841CCB309F00359377 /* Assets.xcassets in Resources */ = {isa = PBXBuildFile; fileRef = 2956D3831CCB309F00359377 /* Assets.xcassets */; };
		2956D3871CCB309F00359377 /* LaunchScreen.storyboard in Resources */ = {isa = PBXBuildFile; fileRef = 2956D3851CCB309F00359377 /* LaunchScreen.storyboard */; };
		2956D3921CCB30A000359377 /* RachelSchifanoTests.swift in Sources */ = {isa = PBXBuildFile; fileRef = 2956D3911CCB30A000359377 /* RachelSchifanoTests.swift */; };
		2956D39D1CCB30A000359377 /* RachelSchifanoUITests.swift in Sources */ = {isa = PBXBuildFile; fileRef = 2956D39C1CCB30A000359377 /* RachelSchifanoUITests.swift */; };
		29FE1E8C1CD07DEE00707543 /* Main.storyboard in Resources */ = {isa = PBXBuildFile; fileRef = 29FE1E8B1CD07DEE00707543 /* Main.storyboard */; };
		29FE1E8E1CD07E0E00707543 /* ViewController.swift in Sources */ = {isa = PBXBuildFile; fileRef = 29FE1E8D1CD07E0E00707543 /* ViewController.swift */; };
/* End PBXBuildFile section */

/* Begin PBXContainerItemProxy section */
		2956D38E1CCB309F00359377 /* PBXContainerItemProxy */ = {
			isa = PBXContainerItemProxy;
			containerPortal = 2956D3711CCB309F00359377 /* Project object */;
			proxyType = 1;
			remoteGlobalIDString = 2956D3781CCB309F00359377;
			remoteInfo = RachelSchifano;
		};
		2956D3991CCB30A000359377 /* PBXContainerItemProxy */ = {
			isa = PBXContainerItemProxy;
			containerPortal = 2956D3711CCB309F00359377 /* Project object */;
			proxyType = 1;
			remoteGlobalIDString = 2956D3781CCB309F00359377;
			remoteInfo = RachelSchifano;
		};
/* End PBXContainerItemProxy section */

/* Begin PBXFileReference section */
		2954C4FF1CD2EB08009E89D9 /* SlideCollectionViewController.swift */ = {isa = PBXFileReference; fileEncoding = 4; lastKnownFileType = sourcecode.swift; path = SlideCollectionViewController.swift; sourceTree = "<group>"; };
		2954C5011CD53FC3009E89D9 /* SlideCollectionViewCell.swift */ = {isa = PBXFileReference; fileEncoding = 4; lastKnownFileType = sourcecode.swift; path = SlideCollectionViewCell.swift; sourceTree = "<group>"; };
		2954C5031CD54158009E89D9 /* Slide.swift */ = {isa = PBXFileReference; fileEncoding = 4; lastKnownFileType = sourcecode.swift; path = Slide.swift; sourceTree = "<group>"; };
		2954C5051CD56D1B009E89D9 /* SlideCollectionViewFlowLayout.swift */ = {isa = PBXFileReference; fileEncoding = 4; lastKnownFileType = sourcecode.swift; path = SlideCollectionViewFlowLayout.swift; sourceTree = "<group>"; };
		2956D3791CCB309F00359377 /* RachelSchifano.app */ = {isa = PBXFileReference; explicitFileType = wrapper.application; includeInIndex = 0; path = RachelSchifano.app; sourceTree = BUILT_PRODUCTS_DIR; };
		2956D37C1CCB309F00359377 /* AppDelegate.swift */ = {isa = PBXFileReference; lastKnownFileType = sourcecode.swift; path = AppDelegate.swift; sourceTree = "<group>"; };
		2956D37E1CCB309F00359377 /* ScrollViewController.swift */ = {isa = PBXFileReference; lastKnownFileType = sourcecode.swift; path = ScrollViewController.swift; sourceTree = "<group>"; };
		2956D3811CCB309F00359377 /* Base */ = {isa = PBXFileReference; lastKnownFileType = file.storyboard; name = Base; path = Base.lproj/ScrollView.storyboard; sourceTree = "<group>"; };
		2956D3831CCB309F00359377 /* Assets.xcassets */ = {isa = PBXFileReference; lastKnownFileType = folder.assetcatalog; path = Assets.xcassets; sourceTree = "<group>"; };
		2956D3861CCB309F00359377 /* Base */ = {isa = PBXFileReference; lastKnownFileType = file.storyboard; name = Base; path = Base.lproj/LaunchScreen.storyboard; sourceTree = "<group>"; };
		2956D3881CCB309F00359377 /* Info.plist */ = {isa = PBXFileReference; lastKnownFileType = text.plist.xml; path = Info.plist; sourceTree = "<group>"; };
		2956D38D1CCB309F00359377 /* RachelSchifanoTests.xctest */ = {isa = PBXFileReference; explicitFileType = wrapper.cfbundle; includeInIndex = 0; path = RachelSchifanoTests.xctest; sourceTree = BUILT_PRODUCTS_DIR; };
		2956D3911CCB30A000359377 /* RachelSchifanoTests.swift */ = {isa = PBXFileReference; lastKnownFileType = sourcecode.swift; path = RachelSchifanoTests.swift; sourceTree = "<group>"; };
		2956D3931CCB30A000359377 /* Info.plist */ = {isa = PBXFileReference; lastKnownFileType = text.plist.xml; path = Info.plist; sourceTree = "<group>"; };
		2956D3981CCB30A000359377 /* RachelSchifanoUITests.xctest */ = {isa = PBXFileReference; explicitFileType = wrapper.cfbundle; includeInIndex = 0; path = RachelSchifanoUITests.xctest; sourceTree = BUILT_PRODUCTS_DIR; };
		2956D39C1CCB30A000359377 /* RachelSchifanoUITests.swift */ = {isa = PBXFileReference; lastKnownFileType = sourcecode.swift; path = RachelSchifanoUITests.swift; sourceTree = "<group>"; };
		2956D39E1CCB30A000359377 /* Info.plist */ = {isa = PBXFileReference; lastKnownFileType = text.plist.xml; path = Info.plist; sourceTree = "<group>"; };
		29FE1E8B1CD07DEE00707543 /* Main.storyboard */ = {isa = PBXFileReference; fileEncoding = 4; lastKnownFileType = file.storyboard; path = Main.storyboard; sourceTree = "<group>"; };
		29FE1E8D1CD07E0E00707543 /* ViewController.swift */ = {isa = PBXFileReference; fileEncoding = 4; lastKnownFileType = sourcecode.swift; path = ViewController.swift; sourceTree = "<group>"; };
/* End PBXFileReference section */

/* Begin PBXFrameworksBuildPhase section */
		2956D3761CCB309F00359377 /* Frameworks */ = {
			isa = PBXFrameworksBuildPhase;
			buildActionMask = 2147483647;
			files = (
			);
			runOnlyForDeploymentPostprocessing = 0;
		};
		2956D38A1CCB309F00359377 /* Frameworks */ = {
			isa = PBXFrameworksBuildPhase;
			buildActionMask = 2147483647;
			files = (
			);
			runOnlyForDeploymentPostprocessing = 0;
		};
		2956D3951CCB30A000359377 /* Frameworks */ = {
			isa = PBXFrameworksBuildPhase;
			buildActionMask = 2147483647;
			files = (
			);
			runOnlyForDeploymentPostprocessing = 0;
		};
/* End PBXFrameworksBuildPhase section */

/* Begin PBXGroup section */
		2954C4FA1CD2EA4A009E89D9 /* Model */ = {
			isa = PBXGroup;
			children = (
				2954C5031CD54158009E89D9 /* Slide.swift */,
			);
			name = Model;
			sourceTree = "<group>";
		};
		2954C4FB1CD2EA4E009E89D9 /* View */ = {
			isa = PBXGroup;
			children = (
				2954C5011CD53FC3009E89D9 /* SlideCollectionViewCell.swift */,
				2954C5051CD56D1B009E89D9 /* SlideCollectionViewFlowLayout.swift */,
			);
			name = View;
			sourceTree = "<group>";
		};
		2954C4FC1CD2EA5F009E89D9 /* Controller */ = {
			isa = PBXGroup;
			children = (
				2956D37E1CCB309F00359377 /* ScrollViewController.swift */,
				29FE1E8D1CD07E0E00707543 /* ViewController.swift */,
				2954C4FF1CD2EB08009E89D9 /* SlideCollectionViewController.swift */,
			);
			name = Controller;
			sourceTree = "<group>";
		};
		2956D3701CCB309F00359377 = {
			isa = PBXGroup;
			children = (
				2956D37B1CCB309F00359377 /* RachelSchifano */,
				2956D3901CCB30A000359377 /* RachelSchifanoTests */,
				2956D39B1CCB30A000359377 /* RachelSchifanoUITests */,
				2956D37A1CCB309F00359377 /* Products */,
			);
			sourceTree = "<group>";
		};
		2956D37A1CCB309F00359377 /* Products */ = {
			isa = PBXGroup;
			children = (
				2956D3791CCB309F00359377 /* RachelSchifano.app */,
				2956D38D1CCB309F00359377 /* RachelSchifanoTests.xctest */,
				2956D3981CCB30A000359377 /* RachelSchifanoUITests.xctest */,
			);
			name = Products;
			sourceTree = "<group>";
		};
		2956D37B1CCB309F00359377 /* RachelSchifano */ = {
			isa = PBXGroup;
			children = (
				2954C4FA1CD2EA4A009E89D9 /* Model */,
				2954C4FB1CD2EA4E009E89D9 /* View */,
				2954C4FC1CD2EA5F009E89D9 /* Controller */,
				2956D37C1CCB309F00359377 /* AppDelegate.swift */,
				2956D3801CCB309F00359377 /* ScrollView.storyboard */,
				29FE1E8B1CD07DEE00707543 /* Main.storyboard */,
				2956D3831CCB309F00359377 /* Assets.xcassets */,
				2956D3851CCB309F00359377 /* LaunchScreen.storyboard */,
				2956D3881CCB309F00359377 /* Info.plist */,
			);
			path = RachelSchifano;
			sourceTree = "<group>";
		};
		2956D3901CCB30A000359377 /* RachelSchifanoTests */ = {
			isa = PBXGroup;
			children = (
				2956D3911CCB30A000359377 /* RachelSchifanoTests.swift */,
				2956D3931CCB30A000359377 /* Info.plist */,
			);
			path = RachelSchifanoTests;
			sourceTree = "<group>";
		};
		2956D39B1CCB30A000359377 /* RachelSchifanoUITests */ = {
			isa = PBXGroup;
			children = (
				2956D39C1CCB30A000359377 /* RachelSchifanoUITests.swift */,
				2956D39E1CCB30A000359377 /* Info.plist */,
			);
			path = RachelSchifanoUITests;
			sourceTree = "<group>";
		};
/* End PBXGroup section */

/* Begin PBXNativeTarget section */
		2956D3781CCB309F00359377 /* RachelSchifano */ = {
			isa = PBXNativeTarget;
			buildConfigurationList = 2956D3A11CCB30A000359377 /* Build configuration list for PBXNativeTarget "RachelSchifano" */;
			buildPhases = (
				2956D3751CCB309F00359377 /* Sources */,
				2956D3761CCB309F00359377 /* Frameworks */,
				2956D3771CCB309F00359377 /* Resources */,
			);
			buildRules = (
			);
			dependencies = (
			);
			name = RachelSchifano;
			productName = RachelSchifano;
			productReference = 2956D3791CCB309F00359377 /* RachelSchifano.app */;
			productType = "com.apple.product-type.application";
		};
		2956D38C1CCB309F00359377 /* RachelSchifanoTests */ = {
			isa = PBXNativeTarget;
			buildConfigurationList = 2956D3A41CCB30A000359377 /* Build configuration list for PBXNativeTarget "RachelSchifanoTests" */;
			buildPhases = (
				2956D3891CCB309F00359377 /* Sources */,
				2956D38A1CCB309F00359377 /* Frameworks */,
				2956D38B1CCB309F00359377 /* Resources */,
			);
			buildRules = (
			);
			dependencies = (
				2956D38F1CCB309F00359377 /* PBXTargetDependency */,
			);
			name = RachelSchifanoTests;
			productName = RachelSchifanoTests;
			productReference = 2956D38D1CCB309F00359377 /* RachelSchifanoTests.xctest */;
			productType = "com.apple.product-type.bundle.unit-test";
		};
		2956D3971CCB30A000359377 /* RachelSchifanoUITests */ = {
			isa = PBXNativeTarget;
			buildConfigurationList = 2956D3A71CCB30A000359377 /* Build configuration list for PBXNativeTarget "RachelSchifanoUITests" */;
			buildPhases = (
				2956D3941CCB30A000359377 /* Sources */,
				2956D3951CCB30A000359377 /* Frameworks */,
				2956D3961CCB30A000359377 /* Resources */,
			);
			buildRules = (
			);
			dependencies = (
				2956D39A1CCB30A000359377 /* PBXTargetDependency */,
			);
			name = RachelSchifanoUITests;
			productName = RachelSchifanoUITests;
			productReference = 2956D3981CCB30A000359377 /* RachelSchifanoUITests.xctest */;
			productType = "com.apple.product-type.bundle.ui-testing";
		};
/* End PBXNativeTarget section */

/* Begin PBXProject section */
		2956D3711CCB309F00359377 /* Project object */ = {
			isa = PBXProject;
			attributes = {
				LastSwiftUpdateCheck = 0720;
				LastUpgradeCheck = 0720;
				ORGANIZATIONNAME = schifano;
				TargetAttributes = {
					2956D3781CCB309F00359377 = {
						CreatedOnToolsVersion = 7.2;
						DevelopmentTeam = MWRAZYEL66;
					};
					2956D38C1CCB309F00359377 = {
						CreatedOnToolsVersion = 7.2;
						TestTargetID = 2956D3781CCB309F00359377;
					};
					2956D3971CCB30A000359377 = {
						CreatedOnToolsVersion = 7.2;
						TestTargetID = 2956D3781CCB309F00359377;
					};
				};
			};
			buildConfigurationList = 2956D3741CCB309F00359377 /* Build configuration list for PBXProject "RachelSchifano" */;
			compatibilityVersion = "Xcode 3.2";
			developmentRegion = English;
			hasScannedForEncodings = 0;
			knownRegions = (
				en,
				Base,
			);
			mainGroup = 2956D3701CCB309F00359377;
			productRefGroup = 2956D37A1CCB309F00359377 /* Products */;
			projectDirPath = "";
			projectRoot = "";
			targets = (
				2956D3781CCB309F00359377 /* RachelSchifano */,
				2956D38C1CCB309F00359377 /* RachelSchifanoTests */,
				2956D3971CCB30A000359377 /* RachelSchifanoUITests */,
			);
		};
/* End PBXProject section */

/* Begin PBXResourcesBuildPhase section */
		2956D3771CCB309F00359377 /* Resources */ = {
			isa = PBXResourcesBuildPhase;
			buildActionMask = 2147483647;
			files = (
				2956D3871CCB309F00359377 /* LaunchScreen.storyboard in Resources */,
				2956D3841CCB309F00359377 /* Assets.xcassets in Resources */,
				2956D3821CCB309F00359377 /* ScrollView.storyboard in Resources */,
				29FE1E8C1CD07DEE00707543 /* Main.storyboard in Resources */,
			);
			runOnlyForDeploymentPostprocessing = 0;
		};
		2956D38B1CCB309F00359377 /* Resources */ = {
			isa = PBXResourcesBuildPhase;
			buildActionMask = 2147483647;
			files = (
			);
			runOnlyForDeploymentPostprocessing = 0;
		};
		2956D3961CCB30A000359377 /* Resources */ = {
			isa = PBXResourcesBuildPhase;
			buildActionMask = 2147483647;
			files = (
			);
			runOnlyForDeploymentPostprocessing = 0;
		};
/* End PBXResourcesBuildPhase section */

/* Begin PBXSourcesBuildPhase section */
		2956D3751CCB309F00359377 /* Sources */ = {
			isa = PBXSourcesBuildPhase;
			buildActionMask = 2147483647;
			files = (
				2954C5001CD2EB08009E89D9 /* SlideCollectionViewController.swift in Sources */,
				2954C5061CD56D1C009E89D9 /* SlideCollectionViewFlowLayout.swift in Sources */,
				29FE1E8E1CD07E0E00707543 /* ViewController.swift in Sources */,
				2956D37F1CCB309F00359377 /* ScrollViewController.swift in Sources */,
				2954C5041CD54158009E89D9 /* Slide.swift in Sources */,
				2956D37D1CCB309F00359377 /* AppDelegate.swift in Sources */,
				2954C5021CD53FC3009E89D9 /* SlideCollectionViewCell.swift in Sources */,
			);
			runOnlyForDeploymentPostprocessing = 0;
		};
		2956D3891CCB309F00359377 /* Sources */ = {
			isa = PBXSourcesBuildPhase;
			buildActionMask = 2147483647;
			files = (
				2956D3921CCB30A000359377 /* RachelSchifanoTests.swift in Sources */,
			);
			runOnlyForDeploymentPostprocessing = 0;
		};
		2956D3941CCB30A000359377 /* Sources */ = {
			isa = PBXSourcesBuildPhase;
			buildActionMask = 2147483647;
			files = (
				2956D39D1CCB30A000359377 /* RachelSchifanoUITests.swift in Sources */,
			);
			runOnlyForDeploymentPostprocessing = 0;
		};
/* End PBXSourcesBuildPhase section */

/* Begin PBXTargetDependency section */
		2956D38F1CCB309F00359377 /* PBXTargetDependency */ = {
			isa = PBXTargetDependency;
			target = 2956D3781CCB309F00359377 /* RachelSchifano */;
			targetProxy = 2956D38E1CCB309F00359377 /* PBXContainerItemProxy */;
		};
		2956D39A1CCB30A000359377 /* PBXTargetDependency */ = {
			isa = PBXTargetDependency;
			target = 2956D3781CCB309F00359377 /* RachelSchifano */;
			targetProxy = 2956D3991CCB30A000359377 /* PBXContainerItemProxy */;
		};
/* End PBXTargetDependency section */

/* Begin PBXVariantGroup section */
		2956D3801CCB309F00359377 /* ScrollView.storyboard */ = {
			isa = PBXVariantGroup;
			children = (
				2956D3811CCB309F00359377 /* Base */,
			);
			name = ScrollView.storyboard;
			sourceTree = "<group>";
		};
		2956D3851CCB309F00359377 /* LaunchScreen.storyboard */ = {
			isa = PBXVariantGroup;
			children = (
				2956D3861CCB309F00359377 /* Base */,
			);
			name = LaunchScreen.storyboard;
			sourceTree = "<group>";
		};
/* End PBXVariantGroup section */

/* Begin XCBuildConfiguration section */
		2956D39F1CCB30A000359377 /* Debug */ = {
			isa = XCBuildConfiguration;
			buildSettings = {
				ALWAYS_SEARCH_USER_PATHS = NO;
				CLANG_CXX_LANGUAGE_STANDARD = "gnu++0x";
				CLANG_CXX_LIBRARY = "libc++";
				CLANG_ENABLE_MODULES = YES;
				CLANG_ENABLE_OBJC_ARC = YES;
				CLANG_WARN_BOOL_CONVERSION = YES;
				CLANG_WARN_CONSTANT_CONVERSION = YES;
				CLANG_WARN_DIRECT_OBJC_ISA_USAGE = YES_ERROR;
				CLANG_WARN_EMPTY_BODY = YES;
				CLANG_WARN_ENUM_CONVERSION = YES;
				CLANG_WARN_INT_CONVERSION = YES;
				CLANG_WARN_OBJC_ROOT_CLASS = YES_ERROR;
				CLANG_WARN_UNREACHABLE_CODE = YES;
				CLANG_WARN__DUPLICATE_METHOD_MATCH = YES;
				"CODE_SIGN_IDENTITY[sdk=iphoneos*]" = "iPhone Developer";
				COPY_PHASE_STRIP = NO;
				DEBUG_INFORMATION_FORMAT = dwarf;
				ENABLE_STRICT_OBJC_MSGSEND = YES;
				ENABLE_TESTABILITY = YES;
				GCC_C_LANGUAGE_STANDARD = gnu99;
				GCC_DYNAMIC_NO_PIC = NO;
				GCC_NO_COMMON_BLOCKS = YES;
				GCC_OPTIMIZATION_LEVEL = 0;
				GCC_PREPROCESSOR_DEFINITIONS = (
					"DEBUG=1",
					"$(inherited)",
				);
				GCC_WARN_64_TO_32_BIT_CONVERSION = YES;
				GCC_WARN_ABOUT_RETURN_TYPE = YES_ERROR;
				GCC_WARN_UNDECLARED_SELECTOR = YES;
				GCC_WARN_UNINITIALIZED_AUTOS = YES_AGGRESSIVE;
				GCC_WARN_UNUSED_FUNCTION = YES;
				GCC_WARN_UNUSED_VARIABLE = YES;
				IPHONEOS_DEPLOYMENT_TARGET = 9.2;
				MTL_ENABLE_DEBUG_INFO = YES;
				ONLY_ACTIVE_ARCH = YES;
				SDKROOT = iphoneos;
				SWIFT_OPTIMIZATION_LEVEL = "-Onone";
			};
			name = Debug;
		};
		2956D3A01CCB30A000359377 /* Release */ = {
			isa = XCBuildConfiguration;
			buildSettings = {
				ALWAYS_SEARCH_USER_PATHS = NO;
				CLANG_CXX_LANGUAGE_STANDARD = "gnu++0x";
				CLANG_CXX_LIBRARY = "libc++";
				CLANG_ENABLE_MODULES = YES;
				CLANG_ENABLE_OBJC_ARC = YES;
				CLANG_WARN_BOOL_CONVERSION = YES;
				CLANG_WARN_CONSTANT_CONVERSION = YES;
				CLANG_WARN_DIRECT_OBJC_ISA_USAGE = YES_ERROR;
				CLANG_WARN_EMPTY_BODY = YES;
				CLANG_WARN_ENUM_CONVERSION = YES;
				CLANG_WARN_INT_CONVERSION = YES;
				CLANG_WARN_OBJC_ROOT_CLASS = YES_ERROR;
				CLANG_WARN_UNREACHABLE_CODE = YES;
				CLANG_WARN__DUPLICATE_METHOD_MATCH = YES;
				"CODE_SIGN_IDENTITY[sdk=iphoneos*]" = "iPhone Developer";
				COPY_PHASE_STRIP = NO;
				DEBUG_INFORMATION_FORMAT = "dwarf-with-dsym";
				ENABLE_NS_ASSERTIONS = NO;
				ENABLE_STRICT_OBJC_MSGSEND = YES;
				GCC_C_LANGUAGE_STANDARD = gnu99;
				GCC_NO_COMMON_BLOCKS = YES;
				GCC_WARN_64_TO_32_BIT_CONVERSION = YES;
				GCC_WARN_ABOUT_RETURN_TYPE = YES_ERROR;
				GCC_WARN_UNDECLARED_SELECTOR = YES;
				GCC_WARN_UNINITIALIZED_AUTOS = YES_AGGRESSIVE;
				GCC_WARN_UNUSED_FUNCTION = YES;
				GCC_WARN_UNUSED_VARIABLE = YES;
				IPHONEOS_DEPLOYMENT_TARGET = 9.2;
				MTL_ENABLE_DEBUG_INFO = NO;
				SDKROOT = iphoneos;
				VALIDATE_PRODUCT = YES;
			};
			name = Release;
		};
		2956D3A21CCB30A000359377 /* Debug */ = {
			isa = XCBuildConfiguration;
			buildSettings = {
				ASSETCATALOG_COMPILER_APPICON_NAME = AppIcon;
				CODE_SIGN_IDENTITY = "iPhone Developer";
				"CODE_SIGN_IDENTITY[sdk=iphoneos*]" = "iPhone Developer";
				INFOPLIST_FILE = RachelSchifano/Info.plist;
				LD_RUNPATH_SEARCH_PATHS = "$(inherited) @executable_path/Frameworks";
				PRODUCT_BUNDLE_IDENTIFIER = com.schifano.RachelSchifano;
				PRODUCT_NAME = "$(TARGET_NAME)";
				PROVISIONING_PROFILE = "";
			};
			name = Debug;
		};
		2956D3A31CCB30A000359377 /* Release */ = {
			isa = XCBuildConfiguration;
			buildSettings = {
				ASSETCATALOG_COMPILER_APPICON_NAME = AppIcon;
				CODE_SIGN_IDENTITY = "iPhone Developer";
				"CODE_SIGN_IDENTITY[sdk=iphoneos*]" = "iPhone Developer";
				INFOPLIST_FILE = RachelSchifano/Info.plist;
				LD_RUNPATH_SEARCH_PATHS = "$(inherited) @executable_path/Frameworks";
				PRODUCT_BUNDLE_IDENTIFIER = com.schifano.RachelSchifano;
				PRODUCT_NAME = "$(TARGET_NAME)";
				PROVISIONING_PROFILE = "";
			};
			name = Release;
		};
		2956D3A51CCB30A000359377 /* Debug */ = {
			isa = XCBuildConfiguration;
			buildSettings = {
				BUNDLE_LOADER = "$(TEST_HOST)";
				INFOPLIST_FILE = RachelSchifanoTests/Info.plist;
				LD_RUNPATH_SEARCH_PATHS = "$(inherited) @executable_path/Frameworks @loader_path/Frameworks";
				PRODUCT_BUNDLE_IDENTIFIER = com.schifano.RachelSchifanoTests;
				PRODUCT_NAME = "$(TARGET_NAME)";
				TEST_HOST = "$(BUILT_PRODUCTS_DIR)/RachelSchifano.app/RachelSchifano";
			};
			name = Debug;
		};
		2956D3A61CCB30A000359377 /* Release */ = {
			isa = XCBuildConfiguration;
			buildSettings = {
				BUNDLE_LOADER = "$(TEST_HOST)";
				INFOPLIST_FILE = RachelSchifanoTests/Info.plist;
				LD_RUNPATH_SEARCH_PATHS = "$(inherited) @executable_path/Frameworks @loader_path/Frameworks";
				PRODUCT_BUNDLE_IDENTIFIER = com.schifano.RachelSchifanoTests;
				PRODUCT_NAME = "$(TARGET_NAME)";
				TEST_HOST = "$(BUILT_PRODUCTS_DIR)/RachelSchifano.app/RachelSchifano";
			};
			name = Release;
		};
		2956D3A81CCB30A000359377 /* Debug */ = {
			isa = XCBuildConfiguration;
			buildSettings = {
				INFOPLIST_FILE = RachelSchifanoUITests/Info.plist;
				LD_RUNPATH_SEARCH_PATHS = "$(inherited) @executable_path/Frameworks @loader_path/Frameworks";
				PRODUCT_BUNDLE_IDENTIFIER = com.schifano.RachelSchifanoUITests;
				PRODUCT_NAME = "$(TARGET_NAME)";
				TEST_TARGET_NAME = RachelSchifano;
				USES_XCTRUNNER = YES;
			};
			name = Debug;
		};
		2956D3A91CCB30A000359377 /* Release */ = {
			isa = XCBuildConfiguration;
			buildSettings = {
				INFOPLIST_FILE = RachelSchifanoUITests/Info.plist;
				LD_RUNPATH_SEARCH_PATHS = "$(inherited) @executable_path/Frameworks @loader_path/Frameworks";
				PRODUCT_BUNDLE_IDENTIFIER = com.schifano.RachelSchifanoUITests;
				PRODUCT_NAME = "$(TARGET_NAME)";
				TEST_TARGET_NAME = RachelSchifano;
				USES_XCTRUNNER = YES;
			};
			name = Release;
		};
/* End XCBuildConfiguration section */

/* Begin XCConfigurationList section */
		2956D3741CCB309F00359377 /* Build configuration list for PBXProject "RachelSchifano" */ = {
			isa = XCConfigurationList;
			buildConfigurations = (
				2956D39F1CCB30A000359377 /* Debug */,
				2956D3A01CCB30A000359377 /* Release */,
			);
			defaultConfigurationIsVisible = 0;
			defaultConfigurationName = Release;
		};
		2956D3A11CCB30A000359377 /* Build configuration list for PBXNativeTarget "RachelSchifano" */ = {
			isa = XCConfigurationList;
			buildConfigurations = (
				2956D3A21CCB30A000359377 /* Debug */,
				2956D3A31CCB30A000359377 /* Release */,
			);
			defaultConfigurationIsVisible = 0;
			defaultConfigurationName = Release;
		};
		2956D3A41CCB30A000359377 /* Build configuration list for PBXNativeTarget "RachelSchifanoTests" */ = {
			isa = XCConfigurationList;
			buildConfigurations = (
				2956D3A51CCB30A000359377 /* Debug */,
				2956D3A61CCB30A000359377 /* Release */,
			);
			defaultConfigurationIsVisible = 0;
			defaultConfigurationName = Release;
		};
		2956D3A71CCB30A000359377 /* Build configuration list for PBXNativeTarget "RachelSchifanoUITests" */ = {
			isa = XCConfigurationList;
			buildConfigurations = (
				2956D3A81CCB30A000359377 /* Debug */,
				2956D3A91CCB30A000359377 /* Release */,
			);
			defaultConfigurationIsVisible = 0;
			defaultConfigurationName = Release;
		};
/* End XCConfigurationList section */
	};
	rootObject = 2956D3711CCB309F00359377 /* Project object */;
}
